
Microsoft Visual Studio Solution File, Format Version 12.00
# Visual Studio Version 17
VisualStudioVersion = 17.4.33213.308
MinimumVisualStudioVersion = 10.0.40219.1
Project("{8BC9CEB8-8B4A-11D0-8D11-00A0C91BC942}") = "Demo_Console", "DEMO\Demo_Ranger3_Console\SampleApiDllTestProject.vcxproj", "{29E1F2C0-9270-4624-9AC5-5A7649051FCE}"
	ProjectSection(ProjectDependencies) = postProject
		{473D2772-784A-4D29-8C3F-FECE73F14150} = {473D2772-784A-4D29-8C3F-FECE73F14150}
		{D0137AEA-59FB-419F-B51A-1181A5EA359B} = {D0137AEA-59FB-419F-B51A-1181A5EA359B}
		{E89C1CBC-F2F9-488B-8B65-CE74FC5312E1} = {E89C1CBC-F2F9-488B-8B65-CE74FC5312E1}
	EndProjectSection
EndProject
Project("{8BC9CEB8-8B4A-11D0-8D11-00A0C91BC942}") = "SampleApiDll", "DLL\SampleApiDll\SampleApiDll.vcxproj", "{E89C1CBC-F2F9-488B-8B65-CE74FC5312E1}"
	ProjectSection(ProjectDependencies) = postProject
		{473D2772-784A-4D29-8C3F-FECE73F14150} = {473D2772-784A-4D29-8C3F-FECE73F14150}
		{D0137AEA-59FB-419F-B51A-1181A5EA359B} = {D0137AEA-59FB-419F-B51A-1181A5EA359B}
	EndProjectSection
EndProject
Project("{8BC9CEB8-8B4A-11D0-8D11-00A0C91BC942}") = "Demo_Ranger3_MFC", "DEMO\Demo_Ranger3_MFC\SampleApiDllTestMFC.vcxproj", "{C0888F44-298F-4196-A18D-3EF00AF1BCBC}"
	ProjectSection(ProjectDependencies) = postProject
		{473D2772-784A-4D29-8C3F-FECE73F14150} = {473D2772-784A-4D29-8C3F-FECE73F14150}
		{D0137AEA-59FB-419F-B51A-1181A5EA359B} = {D0137AEA-59FB-419F-B51A-1181A5EA359B}
		{E89C1CBC-F2F9-488B-8B65-CE74FC5312E1} = {E89C1CBC-F2F9-488B-8B65-CE74FC5312E1}
	EndProjectSection
EndProject
Project("{8BC9CEB8-8B4A-11D0-8D11-00A0C91BC942}") = "SampleCalibrationWrapper", "DLL\CalibrationWrapper\SampleCalibrationWrapper.vcxproj", "{473D2772-784A-4D29-8C3F-FECE73F14150}"
EndProject
Project("{8BC9CEB8-8B4A-11D0-8D11-00A0C91BC942}") = "GenIRanger", "DLL\GenIRanger\GenIRanger.vcxproj", "{D0137AEA-59FB-419F-B51A-1181A5EA359B}"
EndProject
Project("{8BC9CEB8-8B4A-11D0-8D11-00A0C91BC942}") = "Demo_Ranger3_Qt", "DEMO\Demo_Ranger3_Qt\Demo_Ranger3_Qt.vcxproj", "{837B8A7A-D490-45CF-ABD9-A18857ED649A}"
EndProject
Project("{8BC9CEB8-8B4A-11D0-8D11-00A0C91BC942}") = "SampleApiDll-Test", "DLL\SampleApiDll-Test\SampleApiDll-Test.vcxproj", "{A6CDBE93-01D9-415F-9839-6224E4FB683E}"
	ProjectSection(ProjectDependencies) = postProject
		{473D2772-784A-4D29-8C3F-FECE73F14150} = {473D2772-784A-4D29-8C3F-FECE73F14150}
		{D0137AEA-59FB-419F-B51A-1181A5EA359B} = {D0137AEA-59FB-419F-B51A-1181A5EA359B}
	EndProjectSection
EndProject
Project("{8BC9CEB8-8B4A-11D0-8D11-00A0C91BC942}") = "SampleApiDll.PCCalibrated.No380", "DLL\SampleApiDll_NoPCCalibrated\SampleApiDll_NoPCCalibrated.vcxproj", "{1AA08BE4-7FD3-40AC-89B3-F4B756736190}"
	ProjectSection(ProjectDependencies) = postProject
		{473D2772-784A-4D29-8C3F-FECE73F14150} = {473D2772-784A-4D29-8C3F-FECE73F14150}
		{D0137AEA-59FB-419F-B51A-1181A5EA359B} = {D0137AEA-59FB-419F-B51A-1181A5EA359B}
	EndProjectSection
EndProject
Project("{8BC9CEB8-8B4A-11D0-8D11-00A0C91BC942}") = "SampleApiDll.NoPCCalibrated.No380", "DLL\SampleApiDll.NoPCCalibrated.No380\SampleApiDll.NoPCCalibrated.No380.vcxproj", "{E61CABA1-256C-4E04-B8F5-CC51249BBC7C}"
	ProjectSection(ProjectDependencies) = postProject
		{473D2772-784A-4D29-8C3F-FECE73F14150} = {473D2772-784A-4D29-8C3F-FECE73F14150}
		{D0137AEA-59FB-419F-B51A-1181A5EA359B} = {D0137AEA-59FB-419F-B51A-1181A5EA359B}
	EndProjectSection
EndProject
Global
	GlobalSection(SolutionConfigurationPlatforms) = preSolution
		Debug|Any CPU = Debug|Any CPU
		Debug|x64 = Debug|x64
		Debug|x86 = Debug|x86
		Release|Any CPU = Release|Any CPU
		Release|x64 = Release|x64
		Release|x86 = Release|x86
	EndGlobalSection
	GlobalSection(ProjectConfigurationPlatforms) = postSolution
		{29E1F2C0-9270-4624-9AC5-5A7649051FCE}.Debug|Any CPU.ActiveCfg = Debug|x64
		{29E1F2C0-9270-4624-9AC5-5A7649051FCE}.Debug|x64.ActiveCfg = Debug|x64
		{29E1F2C0-9270-4624-9AC5-5A7649051FCE}.Debug|x64.Build.0 = Debug|x64
		{29E1F2C0-9270-4624-9AC5-5A7649051FCE}.Debug|x86.ActiveCfg = Debug|x64
		{29E1F2C0-9270-4624-9AC5-5A7649051FCE}.Release|Any CPU.ActiveCfg = Release|x64
		{29E1F2C0-9270-4624-9AC5-5A7649051FCE}.Release|x64.ActiveCfg = Release|x64
		{29E1F2C0-9270-4624-9AC5-5A7649051FCE}.Release|x64.Build.0 = Release|x64
		{29E1F2C0-9270-4624-9AC5-5A7649051FCE}.Release|x86.ActiveCfg = Release|x64
		{E89C1CBC-F2F9-488B-8B65-CE74FC5312E1}.Debug|Any CPU.ActiveCfg = Debug|x64
		{E89C1CBC-F2F9-488B-8B65-CE74FC5312E1}.Debug|x64.ActiveCfg = Debug|x64
		{E89C1CBC-F2F9-488B-8B65-CE74FC5312E1}.Debug|x64.Build.0 = Debug|x64
		{E89C1CBC-F2F9-488B-8B65-CE74FC5312E1}.Debug|x86.ActiveCfg = Debug|x64
		{E89C1CBC-F2F9-488B-8B65-CE74FC5312E1}.Release|Any CPU.ActiveCfg = Release|x64
		{E89C1CBC-F2F9-488B-8B65-CE74FC5312E1}.Release|x64.ActiveCfg = Release|x64
		{E89C1CBC-F2F9-488B-8B65-CE74FC5312E1}.Release|x64.Build.0 = Release|x64
		{E89C1CBC-F2F9-488B-8B65-CE74FC5312E1}.Release|x86.ActiveCfg = Release|x64
		{C0888F44-298F-4196-A18D-3EF00AF1BCBC}.Debug|Any CPU.ActiveCfg = Debug|x64
		{C0888F44-298F-4196-A18D-3EF00AF1BCBC}.Debug|x64.ActiveCfg = Debug|x64
		{C0888F44-298F-4196-A18D-3EF00AF1BCBC}.Debug|x64.Build.0 = Debug|x64
		{C0888F44-298F-4196-A18D-3EF00AF1BCBC}.Debug|x86.ActiveCfg = Debug|x64
		{C0888F44-298F-4196-A18D-3EF00AF1BCBC}.Release|Any CPU.ActiveCfg = Release|x64
		{C0888F44-298F-4196-A18D-3EF00AF1BCBC}.Release|x64.ActiveCfg = Release|x64
		{C0888F44-298F-4196-A18D-3EF00AF1BCBC}.Release|x64.Build.0 = Release|x64
		{C0888F44-298F-4196-A18D-3EF00AF1BCBC}.Release|x86.ActiveCfg = Release|x64
		{473D2772-784A-4D29-8C3F-FECE73F14150}.Debug|Any CPU.ActiveCfg = Debug|x64
		{473D2772-784A-4D29-8C3F-FECE73F14150}.Debug|x64.ActiveCfg = Debug|x64
		{473D2772-784A-4D29-8C3F-FECE73F14150}.Debug|x64.Build.0 = Debug|x64
		{473D2772-784A-4D29-8C3F-FECE73F14150}.Debug|x86.ActiveCfg = Debug|x64
		{473D2772-784A-4D29-8C3F-FECE73F14150}.Release|Any CPU.ActiveCfg = Release|x64
		{473D2772-784A-4D29-8C3F-FECE73F14150}.Release|x64.ActiveCfg = Release|x64
		{473D2772-784A-4D29-8C3F-FECE73F14150}.Release|x64.Build.0 = Release|x64
		{473D2772-784A-4D29-8C3F-FECE73F14150}.Release|x86.ActiveCfg = Release|x64
		{D0137AEA-59FB-419F-B51A-1181A5EA359B}.Debug|Any CPU.ActiveCfg = Debug|x64
		{D0137AEA-59FB-419F-B51A-1181A5EA359B}.Debug|x64.ActiveCfg = Debug|x64
		{D0137AEA-59FB-419F-B51A-1181A5EA359B}.Debug|x64.Build.0 = Debug|x64
		{D0137AEA-59FB-419F-B51A-1181A5EA359B}.Debug|x86.ActiveCfg = Debug|x64
		{D0137AEA-59FB-419F-B51A-1181A5EA359B}.Release|Any CPU.ActiveCfg = Release|x64
		{D0137AEA-59FB-419F-B51A-1181A5EA359B}.Release|x64.ActiveCfg = Release|x64
		{D0137AEA-59FB-419F-B51A-1181A5EA359B}.Release|x64.Build.0 = Release|x64
		{D0137AEA-59FB-419F-B51A-1181A5EA359B}.Release|x86.ActiveCfg = Release|x64
		{837B8A7A-D490-45CF-ABD9-A18857ED649A}.Debug|Any CPU.ActiveCfg = Debug|x64
		{837B8A7A-D490-45CF-ABD9-A18857ED649A}.Debug|x64.ActiveCfg = Debug|x64
		{837B8A7A-D490-45CF-ABD9-A18857ED649A}.Debug|x64.Build.0 = Debug|x64
		{837B8A7A-D490-45CF-ABD9-A18857ED649A}.Debug|x86.ActiveCfg = Debug|x64
		{837B8A7A-D490-45CF-ABD9-A18857ED649A}.Release|Any CPU.ActiveCfg = Release|x64
		{837B8A7A-D490-45CF-ABD9-A18857ED649A}.Release|x64.ActiveCfg = Release|x64
		{837B8A7A-D490-45CF-ABD9-A18857ED649A}.Release|x64.Build.0 = Release|x64
		{837B8A7A-D490-45CF-ABD9-A18857ED649A}.Release|x86.ActiveCfg = Release|x64
		{A6CDBE93-01D9-415F-9839-6224E4FB683E}.Debug|Any CPU.ActiveCfg = Debug|x64
		{A6CDBE93-01D9-415F-9839-6224E4FB683E}.Debug|Any CPU.Build.0 = Debug|x64
		{A6CDBE93-01D9-415F-9839-6224E4FB683E}.Debug|x64.ActiveCfg = Debug|x64
		{A6CDBE93-01D9-415F-9839-6224E4FB683E}.Debug|x64.Build.0 = Debug|x64
		{A6CDBE93-01D9-415F-9839-6224E4FB683E}.Debug|x86.ActiveCfg = Debug|x64
		{A6CDBE93-01D9-415F-9839-6224E4FB683E}.Release|Any CPU.ActiveCfg = Release|x64
		{A6CDBE93-01D9-415F-9839-6224E4FB683E}.Release|Any CPU.Build.0 = Release|x64
		{A6CDBE93-01D9-415F-9839-6224E4FB683E}.Release|x64.ActiveCfg = Release|x64
		{A6CDBE93-01D9-415F-9839-6224E4FB683E}.Release|x64.Build.0 = Release|x64
		{A6CDBE93-01D9-415F-9839-6224E4FB683E}.Release|x86.ActiveCfg = Release|x64
		{1AA08BE4-7FD3-40AC-89B3-F4B756736190}.Debug|Any CPU.ActiveCfg = Debug|x64
		{1AA08BE4-7FD3-40AC-89B3-F4B756736190}.Debug|Any CPU.Build.0 = Debug|x64
		{1AA08BE4-7FD3-40AC-89B3-F4B756736190}.Debug|x64.ActiveCfg = Debug|x64
		{1AA08BE4-7FD3-40AC-89B3-F4B756736190}.Debug|x64.Build.0 = Debug|x64
		{1AA08BE4-7FD3-40AC-89B3-F4B756736190}.Debug|x86.ActiveCfg = Debug|x64
		{1AA08BE4-7FD3-40AC-89B3-F4B756736190}.Debug|x86.Build.0 = Debug|x64
		{1AA08BE4-7FD3-40AC-89B3-F4B756736190}.Release|Any CPU.ActiveCfg = Release|x64
		{1AA08BE4-7FD3-40AC-89B3-F4B756736190}.Release|Any CPU.Build.0 = Release|x64
		{1AA08BE4-7FD3-40AC-89B3-F4B756736190}.Release|x64.ActiveCfg = Release|x64
		{1AA08BE4-7FD3-40AC-89B3-F4B756736190}.Release|x64.Build.0 = Release|x64
		{1AA08BE4-7FD3-40AC-89B3-F4B756736190}.Release|x86.ActiveCfg = Release|x64
		{1AA08BE4-7FD3-40AC-89B3-F4B756736190}.Release|x86.Build.0 = Release|x64
		{E61CABA1-256C-4E04-B8F5-CC51249BBC7C}.Debug|Any CPU.ActiveCfg = Debug|x64
		{E61CABA1-256C-4E04-B8F5-CC51249BBC7C}.Debug|Any CPU.Build.0 = Debug|x64
		{E61CABA1-256C-4E04-B8F5-CC51249BBC7C}.Debug|x64.ActiveCfg = Debug|x64
		{E61CABA1-256C-4E04-B8F5-CC51249BBC7C}.Debug|x64.Build.0 = Debug|x64
		{E61CABA1-256C-4E04-B8F5-CC51249BBC7C}.Debug|x86.ActiveCfg = Debug|x64
		{E61CABA1-256C-4E04-B8F5-CC51249BBC7C}.Debug|x86.Build.0 = Debug|x64
		{E61CABA1-256C-4E04-B8F5-CC51249BBC7C}.Release|Any CPU.ActiveCfg = Release|x64
		{E61CABA1-256C-4E04-B8F5-CC51249BBC7C}.Release|Any CPU.Build.0 = Release|x64
		{E61CABA1-256C-4E04-B8F5-CC51249BBC7C}.Release|x64.ActiveCfg = Release|x64
		{E61CABA1-256C-4E04-B8F5-CC51249BBC7C}.Release|x64.Build.0 = Release|x64
		{E61CABA1-256C-4E04-B8F5-CC51249BBC7C}.Release|x86.ActiveCfg = Release|x64
		{E61CABA1-256C-4E04-B8F5-CC51249BBC7C}.Release|x86.Build.0 = Release|x64
	EndGlobalSection
	GlobalSection(SolutionProperties) = preSolution
		HideSolutionNode = FALSE
	EndGlobalSection
	GlobalSection(ExtensibilityGlobals) = postSolution
		SolutionGuid = {5BE49B53-9B8D-47A3-A0AA-B0B56590EDB0}
	EndGlobalSection
EndGlobal
